{
  "requires": true,
  "lockfileVersion": 1,
  "dependencies": {
    "lottie-web": {
      "version": "5.7.13",
      "resolved": "https://registry.npmjs.org/lottie-web/-/lottie-web-5.7.13.tgz",
      "integrity": "sha512-6iy93BGPkdk39b0jRgJ8Zosxi8QqcMP5XcDvg1f0XAvEkke6EMCl6BUO4Lu78dpgvfG2tzut4QJ+0vCrfbrldQ=="
    },
    "vue-lottie": {
      "version": "0.2.1",
      "resolved": "https://registry.npmjs.org/vue-lottie/-/vue-lottie-0.2.1.tgz",
      "integrity": "sha512-zInUX69Ij8MhVR3XArpu4PqqBoufwKxS5UMutWCPm59VUaB5H6GtnaIzf9M+l6aYU+Kr8gF/W9dzWLgRuU6V+Q==",
      "requires": {
        "lottie-web": "^5.1.9"
      }
    }
  }
}
